Microsoft Visual Studio Solution File, Format Version 12.00
# Visual Studio Version 17
VisualStudioVersion = 17.5.2.0
MinimumVisualStudioVersion = 10.0.40219.1
Project("{FAE04EC0-301F-11D3-BF4B-00C04F79EFBC}") = "AuthECAPI", "AuthECAPI.csproj", "{01815D3B-6AC6-671F-DFE4-043DE1DA9C5A}"
EndProject
Global
	GlobalSection(SolutionConfigurationPlatforms) = preSolution
		Debug|Any CPU = Debug|Any CPU
		Release|Any CPU = Release|Any CPU
	EndGlobalSection
	GlobalSection(ProjectConfigurationPlatforms) = postSolution
		{01815D3B-6AC6-671F-DFE4-043DE1DA9C5A}.Debug|Any CPU.ActiveCfg = Debug|Any CPU
		{01815D3B-6AC6-671F-DFE4-043DE1DA9C5A}.Debug|Any CPU.Build.0 = Debug|Any CPU
		{01815D3B-6AC6-671F-DFE4-043DE1DA9C5A}.Release|Any CPU.ActiveCfg = Release|Any CPU
		{01815D3B-6AC6-671F-DFE4-043DE1DA9C5A}.Release|Any CPU.Build.0 = Release|Any CPU
	EndGlobalSection
	GlobalSection(SolutionProperties) = preSolution
		HideSolutionNode = FALSE
	EndGlobalSection
	GlobalSection(ExtensibilityGlobals) = postSolution
		SolutionGuid = {99CD0BE2-B833-4B1F-9AD8-74EFC286472A}
	EndGlobalSection
EndGlobal
